{
  "name": "repro-tach-issue",
  "version": "1.0.0",
  "lockfileVersion": 3,
  "requires": true,
  "packages": {
    "": {
      "name": "repro-tach-issue",
      "version": "1.0.0",
      "dependencies": {
        "p-any": "^4.0.0",
        "tachometer": "file:../tachometer"
      }
    },
    "../tachometer": {
      "version": "0.7.1",
      "license": "BSD-3-Clause",
      "dependencies": {
        "ansi-escape-sequences": "^6.0.1",
        "command-line-args": "^5.0.2",
        "command-line-usage": "^6.1.0",
        "csv-stringify": "^6.2.0",
        "fs-extra": "^10.0.0",
        "get-stream": "^6.0.0",
        "got": "^12.1.0",
        "jsonschema": "^1.4.0",
        "jsonwebtoken": "^9.0.0",
        "jstat": "^1.9.2",
        "koa": "^2.11.0",
        "koa-bodyparser": "^4.2.1",
        "koa-mount": "^4.0.0",
        "koa-node-resolve": "^1.0.0-pre.8",
        "koa-send": "^5.0.0",
        "koa-static": "^5.0.0",
        "pkg-install": "^1.0.0",
        "pkg-up": "^4.0.0",
        "progress": "^2.0.3",
        "sanitize-filename": "^1.6.3",
        "selenium-webdriver": "^4.0.0-alpha.8",
        "semver": "^7.1.1",
        "source-map-support": "^0.5.16",
        "strip-ansi": "^7.0.1",
        "systeminformation": "^5.3.3",
        "table": "^6.0.7",
        "ua-parser-js": "^1.0.2"
      },
      "bin": {
        "tach": "bin/tach.js",
        "tachometer": "bin/tach.js"
      },
      "devDependencies": {
        "@types/ansi-escape-sequences": "^4.0.0",
        "@types/babel__generator": "^7.6.1",
        "@types/chai": "^4.2.4",
        "@types/chai-as-promised": "^7.1.2",
        "@types/command-line-args": "^5.0.0",
        "@types/command-line-usage": "^5.0.1",
        "@types/fs-extra": "^9.0.1",
        "@types/got": "^9.6.8",
        "@types/jsonwebtoken": "^9.0.0",
        "@types/koa": "^2.0.51",
        "@types/koa-bodyparser": "^4.2.1",
        "@types/koa-mount": "^4.0.0",
        "@types/koa-send": "^4.1.2",
        "@types/koa-static": "^4.0.0",
        "@types/mocha": "^9.0.0",
        "@types/node-fetch": "^2.5.3",
        "@types/progress": "^2.0.3",
        "@types/rimraf": "^3.0.0",
        "@types/selenium-webdriver": "^4.0.11",
        "@types/semver": "^7.3.1",
        "@types/source-map-support": "^0.5.4",
        "@types/ua-parser-js": "^0.7.32",
        "@typescript-eslint/eslint-plugin": "^5.30.6",
        "@typescript-eslint/parser": "^5.30.6",
        "chai": "^4.2.0",
        "chai-as-promised": "^7.1.1",
        "eslint": "^8.19.0",
        "eslint-plugin-no-only-tests": "^2.6.0",
        "mocha": "^10.0.0",
        "node-fetch": "^3.2.8",
        "prettier": "^2.4.1",
        "rimraf": "^3.0.2",
        "typescript": "^4.0.2",
        "typescript-json-schema": "^0.54.0"
      }
    },
    "node_modules/aggregate-error": {
      "version": "4.0.1",
      "resolved": "https://registry.npmjs.org/aggregate-error/-/aggregate-error-4.0.1.tgz",
      "integrity": "sha512-0poP0T7el6Vq3rstR8Mn4V/IQrpBLO6POkUSrN7RhyY+GF/InCFShQzsQ39T25gkHhLgSLByyAz+Kjb+c2L98w==",
      "license": "MIT",
      "dependencies": {
        "clean-stack": "^4.0.0",
        "indent-string": "^5.0.0"
      },
      "engines": {
        "node": ">=12"
      },
      "funding": {
        "url": "https://github.com/sponsors/sindresorhus"
      }
    },
    "node_modules/clean-stack": {
      "version": "4.2.0",
      "resolved": "https://registry.npmjs.org/clean-stack/-/clean-stack-4.2.0.tgz",
      "integrity": "sha512-LYv6XPxoyODi36Dp976riBtSY27VmFo+MKqEU9QCCWyTrdEPDog+RWA7xQWHi6Vbp61j5c4cdzzX1NidnwtUWg==",
      "license": "MIT",
      "dependencies": {
        "escape-string-regexp": "5.0.0"
      },
      "engines": {
        "node": ">=12"
      },
      "funding": {
        "url": "https://github.com/sponsors/sindresorhus"
      }
    },
    "node_modules/escape-string-regexp": {
      "version": "5.0.0",
      "resolved": "https://registry.npmjs.org/escape-string-regexp/-/escape-string-regexp-5.0.0.tgz",
      "integrity": "sha512-/veY75JbMK4j1yjvuUxuVsiS/hr/4iHs9FTT6cgTexxdE0Ly/glccBAkloH/DofkjRbZU3bnoj38mOmhkZ0lHw==",
      "license": "MIT",
      "engines": {
        "node": ">=12"
      },
      "funding": {
        "url": "https://github.com/sponsors/sindresorhus"
      }
    },
    "node_modules/indent-string": {
      "version": "5.0.0",
      "resolved": "https://registry.npmjs.org/indent-string/-/indent-string-5.0.0.tgz",
      "integrity": "sha512-m6FAo/spmsW2Ab2fU35JTYwtOKa2yAwXSwgjSv1TJzh4Mh7mC3lzAOVLBprb72XsTrgkEIsl7YrFNAiDiRhIGg==",
      "license": "MIT",
      "engines": {
        "node": ">=12"
      },
      "funding": {
        "url": "https://github.com/sponsors/sindresorhus"
      }
    },
    "node_modules/p-any": {
      "version": "4.0.0",
      "resolved": "https://registry.npmjs.org/p-any/-/p-any-4.0.0.tgz",
      "integrity": "sha512-S/B50s+pAVe0wmEZHmBs/9yJXeZ5KhHzOsgKzt0hRdgkoR3DxW9ts46fcsWi/r3VnzsnkKS7q4uimze+zjdryw==",
      "license": "MIT",
      "dependencies": {
        "p-cancelable": "^3.0.0",
        "p-some": "^6.0.0"
      },
      "engines": {
        "node": ">=12.20"
      },
      "funding": {
        "url": "https://github.com/sponsors/sindresorhus"
      }
    },
    "node_modules/p-cancelable": {
      "version": "3.0.0",
      "resolved": "https://registry.npmjs.org/p-cancelable/-/p-cancelable-3.0.0.tgz",
      "integrity": "sha512-mlVgR3PGuzlo0MmTdk4cXqXWlwQDLnONTAg6sm62XkMJEiRxN3GL3SffkYvqwonbkJBcrI7Uvv5Zh9yjvn2iUw==",
      "license": "MIT",
      "engines": {
        "node": ">=12.20"
      }
    },
    "node_modules/p-some": {
      "version": "6.0.0",
      "resolved": "https://registry.npmjs.org/p-some/-/p-some-6.0.0.tgz",
      "integrity": "sha512-CJbQCKdfSX3fIh8/QKgS+9rjm7OBNUTmwWswAFQAhc8j1NR1dsEDETUEuVUtQHZpV+J03LqWBEwvu0g1Yn+TYg==",
      "license": "MIT",
      "dependencies": {
        "aggregate-error": "^4.0.0",
        "p-cancelable": "^3.0.0"
      },
      "engines": {
        "node": ">=12.20"
      },
      "funding": {
        "url": "https://github.com/sponsors/sindresorhus"
      }
    },
    "node_modules/tachometer": {
      "resolved": "../tachometer",
      "link": true
    }
  }
}
